lockfileVersion: '9.0'

settings:
  autoInstallPeers: true
  excludeLinksFromLockfile: false

importers:

  .:
    dependencies:
      '@fullcalendar/core':
        specifier: ^6.1.20
        version: 6.1.20
      '@fullcalendar/daygrid':
        specifier: ^6.1.20
        version: 6.1.20(@fullcalendar/core@6.1.20)
      '@fullcalendar/list':
        specifier: ^6.1.20
        version: 6.1.20(@fullcalendar/core@6.1.20)
      '@fullcalendar/timegrid':
        specifier: ^6.1.20
        version: 6.1.20(@fullcalendar/core@6.1.20)

packages:

  '@fullcalendar/core@6.1.20':
    resolution: {integrity: sha512-1cukXLlePFiJ8YKXn/4tMKsy0etxYLCkXk8nUCFi11nRONF2Ba2CD5b21/ovtOO2tL6afTJfwmc1ed3HG7eB1g==}

  '@fullcalendar/daygrid@6.1.20':
    resolution: {integrity: sha512-AO9vqhkLP77EesmJzuU+IGXgxNulsA8mgQHynclJ8U70vSwAVnbcLG9qftiTAFSlZjiY/NvhE7sflve6cJelyQ==}
    peerDependencies:
      '@fullcalendar/core': ~6.1.20

  '@fullcalendar/list@6.1.20':
    resolution: {integrity: sha512-7Hzkbb7uuSqrXwTyD0Ld/7SwWNxPD6SlU548vtkIpH55rZ4qquwtwYdMPgorHos5OynHA4OUrZNcH51CjrCf2g==}
    peerDependencies:
      '@fullcalendar/core': ~6.1.20

  '@fullcalendar/timegrid@6.1.20':
    resolution: {integrity: sha512-4H+/MWbz3ntA50lrPif+7TsvMeX3R1GSYjiLULz0+zEJ7/Yfd9pupZmAwUs/PBpA6aAcFmeRr0laWfcz1a9V1A==}
    peerDependencies:
      '@fullcalendar/core': ~6.1.20

  preact@10.12.1:
    resolution: {integrity: sha512-l8386ixSsBdbreOAkqtrwqHwdvR35ID8c3rKPa8lCWuO86dBi32QWHV4vfsZK1utLLFMvw+Z5Ad4XLkZzchscg==}

snapshots:

  '@fullcalendar/core@6.1.20':
    dependencies:
      preact: 10.12.1

  '@fullcalendar/daygrid@6.1.20(@fullcalendar/core@6.1.20)':
    dependencies:
      '@fullcalendar/core': 6.1.20

  '@fullcalendar/list@6.1.20(@fullcalendar/core@6.1.20)':
    dependencies:
      '@fullcalendar/core': 6.1.20

  '@fullcalendar/timegrid@6.1.20(@fullcalendar/core@6.1.20)':
    dependencies:
      '@fullcalendar/core': 6.1.20
      '@fullcalendar/daygrid': 6.1.20(@fullcalendar/core@6.1.20)

  preact@10.12.1: {}
